
Microsoft Visual Studio Solution File, Format Version 12.00
# Visual Studio 15
VisualStudioVersion = 15.0.28307.168
MinimumVisualStudioVersion = 10.0.40219.1
Project("{FAE04EC0-301F-11D3-BF4B-00C04F79EFBC}") = "Web_Calendar", "Web_Calendar\Web_Calendar.csproj", "{320C9B89-8B07-4BAB-A734-2268E14F0E12}"
EndProject
Global
	GlobalSection(SolutionConfigurationPlatforms) = preSolution
		Debug|Any CPU = Debug|Any CPU
		Release|Any CPU = Release|Any CPU
	EndGlobalSection
	GlobalSection(ProjectConfigurationPlatforms) = postSolution
		{320C9B89-8B07-4BAB-A734-2268E14F0E12}.Debug|Any CPU.ActiveCfg = Debug|Any CPU
		{320C9B89-8B07-4BAB-A734-2268E14F0E12}.Debug|Any CPU.Build.0 = Debug|Any CPU
		{320C9B89-8B07-4BAB-A734-2268E14F0E12}.Release|Any CPU.ActiveCfg = Release|Any CPU
		{320C9B89-8B07-4BAB-A734-2268E14F0E12}.Release|Any CPU.Build.0 = Release|Any CPU
	EndGlobalSection
	GlobalSection(SolutionProperties) = preSolution
		HideSolutionNode = FALSE
	EndGlobalSection
	GlobalSection(ExtensibilityGlobals) = postSolution
		SolutionGuid = {116304B9-4F9B-4882-827F-5FD93FA06A6A}
	EndGlobalSection
EndGlobal
